
Microsoft Visual Studio Solution File, Format Version 11.00
# Visual Studio 2010
Project("{FAE04EC0-301F-11D3-BF4B-00C04F79EFBC}") = "01复习", "01复习\01复习.csproj", "{F03335D1-CBAC-4A0B-8EE3-C9A5C25C942E}"
EndProject
Project("{FAE04EC0-301F-11D3-BF4B-00C04F79EFBC}") = "02添加引用和导入命名空间", "02添加引用和导入命名空间\02添加引用和导入命名空间.csproj", "{DD371625-74C5-4B4B-87E9-EB94E991F69A}"
EndProject
Project("{FAE04EC0-301F-11D3-BF4B-00C04F79EFBC}") = "03静态和非静态", "03静态和非静态\03静态和非静态.csproj", "{E8BAD4AB-6C67-40BA-AEB5-DFA52ED906FD}"
EndProject
Project("{FAE04EC0-301F-11D3-BF4B-00C04F79EFBC}") = "04单例设计模式", "04单例设计模式\04单例设计模式.csproj", "{692672EC-19EF-431C-B4E1-F090F4EDD2A1}"
EndProject
Project("{FAE04EC0-301F-11D3-BF4B-00C04F79EFBC}") = "05简单工厂设计模式练习", "05简单工厂设计模式练习\05简单工厂设计模式练习.csproj", "{95142963-5136-40AE-A566-8EF8319A5E4D}"
EndProject
Project("{FAE04EC0-301F-11D3-BF4B-00C04F79EFBC}") = "06简单工厂设计模式之计算器练习", "06简单工厂设计模式之计算器练习\06简单工厂设计模式之计算器练习.csproj", "{8688BECC-85CA-4AB0-91DF-6339BEC04E66}"
EndProject
Project("{FAE04EC0-301F-11D3-BF4B-00C04F79EFBC}") = "ProOperation", "ProOperation\ProOperation.csproj", "{8C8FD65B-C9D5-4319-B93C-6486134D014C}"
EndProject
Project("{FAE04EC0-301F-11D3-BF4B-00C04F79EFBC}") = "07值类型和引用类型", "07值类型和引用类型\07值类型和引用类型.csproj", "{5EE1EEB3-CD41-427E-A2E2-BF7A23FD7EEF}"
EndProject
Project("{FAE04EC0-301F-11D3-BF4B-00C04F79EFBC}") = "08字符串的学习", "08字符串的学习\08字符串的学习.csproj", "{FC48394C-586E-4468-8C51-97166AE86987}"
EndProject
Global
	GlobalSection(SolutionConfigurationPlatforms) = preSolution
		Debug|Any CPU = Debug|Any CPU
		Debug|Mixed Platforms = Debug|Mixed Platforms
		Debug|x86 = Debug|x86
		Release|Any CPU = Release|Any CPU
		Release|Mixed Platforms = Release|Mixed Platforms
		Release|x86 = Release|x86
	EndGlobalSection
	GlobalSection(ProjectConfigurationPlatforms) = postSolution
		{F03335D1-CBAC-4A0B-8EE3-C9A5C25C942E}.Debug|Any CPU.ActiveCfg = Debug|x86
		{F03335D1-CBAC-4A0B-8EE3-C9A5C25C942E}.Debug|Mixed Platforms.ActiveCfg = Debug|x86
		{F03335D1-CBAC-4A0B-8EE3-C9A5C25C942E}.Debug|Mixed Platforms.Build.0 = Debug|x86
		{F03335D1-CBAC-4A0B-8EE3-C9A5C25C942E}.Debug|x86.ActiveCfg = Debug|x86
		{F03335D1-CBAC-4A0B-8EE3-C9A5C25C942E}.Debug|x86.Build.0 = Debug|x86
		{F03335D1-CBAC-4A0B-8EE3-C9A5C25C942E}.Release|Any CPU.ActiveCfg = Release|x86
		{F03335D1-CBAC-4A0B-8EE3-C9A5C25C942E}.Release|Mixed Platforms.ActiveCfg = Release|x86
		{F03335D1-CBAC-4A0B-8EE3-C9A5C25C942E}.Release|Mixed Platforms.Build.0 = Release|x86
		{F03335D1-CBAC-4A0B-8EE3-C9A5C25C942E}.Release|x86.ActiveCfg = Release|x86
		{F03335D1-CBAC-4A0B-8EE3-C9A5C25C942E}.Release|x86.Build.0 = Release|x86
		{DD371625-74C5-4B4B-87E9-EB94E991F69A}.Debug|Any CPU.ActiveCfg = Debug|x86
		{DD371625-74C5-4B4B-87E9-EB94E991F69A}.Debug|Mixed Platforms.ActiveCfg = Debug|x86
		{DD371625-74C5-4B4B-87E9-EB94E991F69A}.Debug|Mixed Platforms.Build.0 = Debug|x86
		{DD371625-74C5-4B4B-87E9-EB94E991F69A}.Debug|x86.ActiveCfg = Debug|x86
		{DD371625-74C5-4B4B-87E9-EB94E991F69A}.Debug|x86.Build.0 = Debug|x86
		{DD371625-74C5-4B4B-87E9-EB94E991F69A}.Release|Any CPU.ActiveCfg = Release|x86
		{DD371625-74C5-4B4B-87E9-EB94E991F69A}.Release|Mixed Platforms.ActiveCfg = Release|x86
		{DD371625-74C5-4B4B-87E9-EB94E991F69A}.Release|Mixed Platforms.Build.0 = Release|x86
		{DD371625-74C5-4B4B-87E9-EB94E991F69A}.Release|x86.ActiveCfg = Release|x86
		{DD371625-74C5-4B4B-87E9-EB94E991F69A}.Release|x86.Build.0 = Release|x86
		{E8BAD4AB-6C67-40BA-AEB5-DFA52ED906FD}.Debug|Any CPU.ActiveCfg = Debug|x86
		{E8BAD4AB-6C67-40BA-AEB5-DFA52ED906FD}.Debug|Mixed Platforms.ActiveCfg = Debug|x86
		{E8BAD4AB-6C67-40BA-AEB5-DFA52ED906FD}.Debug|Mixed Platforms.Build.0 = Debug|x86
		{E8BAD4AB-6C67-40BA-AEB5-DFA52ED906FD}.Debug|x86.ActiveCfg = Debug|x86
		{E8BAD4AB-6C67-40BA-AEB5-DFA52ED906FD}.Debug|x86.Build.0 = Debug|x86
		{E8BAD4AB-6C67-40BA-AEB5-DFA52ED906FD}.Release|Any CPU.ActiveCfg = Release|x86
		{E8BAD4AB-6C67-40BA-AEB5-DFA52ED906FD}.Release|Mixed Platforms.ActiveCfg = Release|x86
		{E8BAD4AB-6C67-40BA-AEB5-DFA52ED906FD}.Release|Mixed Platforms.Build.0 = Release|x86
		{E8BAD4AB-6C67-40BA-AEB5-DFA52ED906FD}.Release|x86.ActiveCfg = Release|x86
		{E8BAD4AB-6C67-40BA-AEB5-DFA52ED906FD}.Release|x86.Build.0 = Release|x86
		{692672EC-19EF-431C-B4E1-F090F4EDD2A1}.Debug|Any CPU.ActiveCfg = Debug|x86
		{692672EC-19EF-431C-B4E1-F090F4EDD2A1}.Debug|Mixed Platforms.ActiveCfg = Debug|x86
		{692672EC-19EF-431C-B4E1-F090F4EDD2A1}.Debug|Mixed Platforms.Build.0 = Debug|x86
		{692672EC-19EF-431C-B4E1-F090F4EDD2A1}.Debug|x86.ActiveCfg = Debug|x86
		{692672EC-19EF-431C-B4E1-F090F4EDD2A1}.Debug|x86.Build.0 = Debug|x86
		{692672EC-19EF-431C-B4E1-F090F4EDD2A1}.Release|Any CPU.ActiveCfg = Release|x86
		{692672EC-19EF-431C-B4E1-F090F4EDD2A1}.Release|Mixed Platforms.ActiveCfg = Release|x86
		{692672EC-19EF-431C-B4E1-F090F4EDD2A1}.Release|Mixed Platforms.Build.0 = Release|x86
		{692672EC-19EF-431C-B4E1-F090F4EDD2A1}.Release|x86.ActiveCfg = Release|x86
		{692672EC-19EF-431C-B4E1-F090F4EDD2A1}.Release|x86.Build.0 = Release|x86
		{95142963-5136-40AE-A566-8EF8319A5E4D}.Debug|Any CPU.ActiveCfg = Debug|x86
		{95142963-5136-40AE-A566-8EF8319A5E4D}.Debug|Mixed Platforms.ActiveCfg = Debug|x86
		{95142963-5136-40AE-A566-8EF8319A5E4D}.Debug|Mixed Platforms.Build.0 = Debug|x86
		{95142963-5136-40AE-A566-8EF8319A5E4D}.Debug|x86.ActiveCfg = Debug|x86
		{95142963-5136-40AE-A566-8EF8319A5E4D}.Debug|x86.Build.0 = Debug|x86
		{95142963-5136-40AE-A566-8EF8319A5E4D}.Release|Any CPU.ActiveCfg = Release|x86
		{95142963-5136-40AE-A566-8EF8319A5E4D}.Release|Mixed Platforms.ActiveCfg = Release|x86
		{95142963-5136-40AE-A566-8EF8319A5E4D}.Release|Mixed Platforms.Build.0 = Release|x86
		{95142963-5136-40AE-A566-8EF8319A5E4D}.Release|x86.ActiveCfg = Release|x86
		{95142963-5136-40AE-A566-8EF8319A5E4D}.Release|x86.Build.0 = Release|x86
		{8688BECC-85CA-4AB0-91DF-6339BEC04E66}.Debug|Any CPU.ActiveCfg = Debug|x86
		{8688BECC-85CA-4AB0-91DF-6339BEC04E66}.Debug|Mixed Platforms.ActiveCfg = Debug|x86
		{8688BECC-85CA-4AB0-91DF-6339BEC04E66}.Debug|Mixed Platforms.Build.0 = Debug|x86
		{8688BECC-85CA-4AB0-91DF-6339BEC04E66}.Debug|x86.ActiveCfg = Debug|x86
		{8688BECC-85CA-4AB0-91DF-6339BEC04E66}.Debug|x86.Build.0 = Debug|x86
		{8688BECC-85CA-4AB0-91DF-6339BEC04E66}.Release|Any CPU.ActiveCfg = Release|x86
		{8688BECC-85CA-4AB0-91DF-6339BEC04E66}.Release|Mixed Platforms.ActiveCfg = Release|x86
		{8688BECC-85CA-4AB0-91DF-6339BEC04E66}.Release|Mixed Platforms.Build.0 = Release|x86
		{8688BECC-85CA-4AB0-91DF-6339BEC04E66}.Release|x86.ActiveCfg = Release|x86
		{8688BECC-85CA-4AB0-91DF-6339BEC04E66}.Release|x86.Build.0 = Release|x86
		{8C8FD65B-C9D5-4319-B93C-6486134D014C}.Debug|Any CPU.ActiveCfg = Debug|Any CPU
		{8C8FD65B-C9D5-4319-B93C-6486134D014C}.Debug|Any CPU.Build.0 = Debug|Any CPU
		{8C8FD65B-C9D5-4319-B93C-6486134D014C}.Debug|Mixed Platforms.ActiveCfg = Debug|Any CPU
		{8C8FD65B-C9D5-4319-B93C-6486134D014C}.Debug|Mixed Platforms.Build.0 = Debug|Any CPU
		{8C8FD65B-C9D5-4319-B93C-6486134D014C}.Debug|x86.ActiveCfg = Debug|Any CPU
		{8C8FD65B-C9D5-4319-B93C-6486134D014C}.Release|Any CPU.ActiveCfg = Release|Any CPU
		{8C8FD65B-C9D5-4319-B93C-6486134D014C}.Release|Any CPU.Build.0 = Release|Any CPU
		{8C8FD65B-C9D5-4319-B93C-6486134D014C}.Release|Mixed Platforms.ActiveCfg = Release|Any CPU
		{8C8FD65B-C9D5-4319-B93C-6486134D014C}.Release|Mixed Platforms.Build.0 = Release|Any CPU
		{8C8FD65B-C9D5-4319-B93C-6486134D014C}.Release|x86.ActiveCfg = Release|Any CPU
		{5EE1EEB3-CD41-427E-A2E2-BF7A23FD7EEF}.Debug|Any CPU.ActiveCfg = Debug|x86
		{5EE1EEB3-CD41-427E-A2E2-BF7A23FD7EEF}.Debug|Mixed Platforms.ActiveCfg = Debug|x86
		{5EE1EEB3-CD41-427E-A2E2-BF7A23FD7EEF}.Debug|Mixed Platforms.Build.0 = Debug|x86
		{5EE1EEB3-CD41-427E-A2E2-BF7A23FD7EEF}.Debug|x86.ActiveCfg = Debug|x86
		{5EE1EEB3-CD41-427E-A2E2-BF7A23FD7EEF}.Debug|x86.Build.0 = Debug|x86
		{5EE1EEB3-CD41-427E-A2E2-BF7A23FD7EEF}.Release|Any CPU.ActiveCfg = Release|x86
		{5EE1EEB3-CD41-427E-A2E2-BF7A23FD7EEF}.Release|Mixed Platforms.ActiveCfg = Release|x86
		{5EE1EEB3-CD41-427E-A2E2-BF7A23FD7EEF}.Release|Mixed Platforms.Build.0 = Release|x86
		{5EE1EEB3-CD41-427E-A2E2-BF7A23FD7EEF}.Release|x86.ActiveCfg = Release|x86
		{5EE1EEB3-CD41-427E-A2E2-BF7A23FD7EEF}.Release|x86.Build.0 = Release|x86
		{FC48394C-586E-4468-8C51-97166AE86987}.Debug|Any CPU.ActiveCfg = Debug|x86
		{FC48394C-586E-4468-8C51-97166AE86987}.Debug|Mixed Platforms.ActiveCfg = Debug|x86
		{FC48394C-586E-4468-8C51-97166AE86987}.Debug|Mixed Platforms.Build.0 = Debug|x86
		{FC48394C-586E-4468-8C51-97166AE86987}.Debug|x86.ActiveCfg = Debug|x86
		{FC48394C-586E-4468-8C51-97166AE86987}.Debug|x86.Build.0 = Debug|x86
		{FC48394C-586E-4468-8C51-97166AE86987}.Release|Any CPU.ActiveCfg = Release|x86
		{FC48394C-586E-4468-8C51-97166AE86987}.Release|Mixed Platforms.ActiveCfg = Release|x86
		{FC48394C-586E-4468-8C51-97166AE86987}.Release|Mixed Platforms.Build.0 = Release|x86
		{FC48394C-586E-4468-8C51-97166AE86987}.Release|x86.ActiveCfg = Release|x86
		{FC48394C-586E-4468-8C51-97166AE86987}.Release|x86.Build.0 = Release|x86
	EndGlobalSection
	GlobalSection(SolutionProperties) = preSolution
		HideSolutionNode = FALSE
	EndGlobalSection
EndGlobal
