
Microsoft Visual Studio Solution File, Format Version 11.00
# Visual Studio 2010
Project("{FAE04EC0-301F-11D3-BF4B-00C04F79EFBC}") = "01复习", "01复习\01复习.csproj", "{C62E1AC0-EB25-4636-B166-5F9E37B9052D}"
EndProject
Project("{FAE04EC0-301F-11D3-BF4B-00C04F79EFBC}") = "02StringBuilder", "02StringBuilder\02StringBuilder.csproj", "{5838A951-795F-4500-869E-408FCF51DA6B}"
EndProject
Project("{FAE04EC0-301F-11D3-BF4B-00C04F79EFBC}") = "03使用StringBuilder来拼接HTML中的Table表格", "03使用StringBuilder来拼接HTML中的Table表格\03使用StringBuilder来拼接HTML中的Table表格.csproj", "{C0B1A6E4-5BB0-425E-B7E0-72D7E7157058}"
EndProject
Project("{FAE04EC0-301F-11D3-BF4B-00C04F79EFBC}") = "04ref参数的使用", "04ref参数的使用\04ref参数的使用.csproj", "{C033FA10-EDBD-42A4-B260-0E6ABF6BF26F}"
EndProject
Project("{FAE04EC0-301F-11D3-BF4B-00C04F79EFBC}") = "05out参数的使用", "05out参数的使用\05out参数的使用.csproj", "{19A0B704-4612-47C3-A94D-FD40B5CA37BC}"
EndProject
Project("{FAE04EC0-301F-11D3-BF4B-00C04F79EFBC}") = "06装箱和拆箱", "06装箱和拆箱\06装箱和拆箱.csproj", "{1523B862-7408-479C-8C2D-CD592C844D00}"
EndProject
Project("{FAE04EC0-301F-11D3-BF4B-00C04F79EFBC}") = "07List泛型集合", "07List泛型集合\07List泛型集合.csproj", "{A8FB9E32-9CCE-4C87-80C3-134D261C63B1}"
EndProject
Project("{FAE04EC0-301F-11D3-BF4B-00C04F79EFBC}") = "08List泛型集合的三个练习", "08List泛型集合的三个练习\08List泛型集合的三个练习.csproj", "{40E50463-3F30-465F-BBF2-36280CD35A48}"
EndProject
Project("{FAE04EC0-301F-11D3-BF4B-00C04F79EFBC}") = "09Dictionary键值对集合", "09Dictionary键值对集合\09Dictionary键值对集合.csproj", "{6C9CFA29-AA7A-4C95-B222-EB45D7802F2B}"
EndProject
Project("{FAE04EC0-301F-11D3-BF4B-00C04F79EFBC}") = "10键值对集合练习", "10键值对集合练习\10键值对集合练习.csproj", "{65948C41-91D8-4B36-8547-7DC5A97D3907}"
EndProject
Project("{FAE04EC0-301F-11D3-BF4B-00C04F79EFBC}") = "11英汉翻译", "11英汉翻译\11英汉翻译.csproj", "{1255AA29-05A7-4EFA-AD97-50100AA35306}"
EndProject
Project("{FAE04EC0-301F-11D3-BF4B-00C04F79EFBC}") = "12键值对集合练习", "12键值对集合练习\12键值对集合练习.csproj", "{2876961A-49F5-4462-9C62-7E8E64ADA235}"
EndProject
Project("{FAE04EC0-301F-11D3-BF4B-00C04F79EFBC}") = "13年月日转换", "13年月日转换\13年月日转换.csproj", "{6D9064E0-B598-437B-9145-DFE7FC48DC5F}"
EndProject
Project("{FAE04EC0-301F-11D3-BF4B-00C04F79EFBC}") = "14File类的操作", "14File类的操作\14File类的操作.csproj", "{E77F7E58-9C40-476C-9DE9-3573C2BCB2D5}"
EndProject
Project("{FAE04EC0-301F-11D3-BF4B-00C04F79EFBC}") = "15MD5加密", "15MD5加密\15MD5加密.csproj", "{F77F7543-352B-4663-BCAA-F99B47C63311}"
EndProject
Global
	GlobalSection(SolutionConfigurationPlatforms) = preSolution
		Debug|Any CPU = Debug|Any CPU
		Debug|x86 = Debug|x86
		Release|Any CPU = Release|Any CPU
		Release|x86 = Release|x86
	EndGlobalSection
	GlobalSection(ProjectConfigurationPlatforms) = postSolution
		{C62E1AC0-EB25-4636-B166-5F9E37B9052D}.Debug|Any CPU.ActiveCfg = Debug|Any CPU
		{C62E1AC0-EB25-4636-B166-5F9E37B9052D}.Debug|Any CPU.Build.0 = Debug|Any CPU
		{C62E1AC0-EB25-4636-B166-5F9E37B9052D}.Debug|x86.ActiveCfg = Debug|x86
		{C62E1AC0-EB25-4636-B166-5F9E37B9052D}.Debug|x86.Build.0 = Debug|x86
		{C62E1AC0-EB25-4636-B166-5F9E37B9052D}.Release|Any CPU.ActiveCfg = Release|Any CPU
		{C62E1AC0-EB25-4636-B166-5F9E37B9052D}.Release|Any CPU.Build.0 = Release|Any CPU
		{C62E1AC0-EB25-4636-B166-5F9E37B9052D}.Release|x86.ActiveCfg = Release|x86
		{C62E1AC0-EB25-4636-B166-5F9E37B9052D}.Release|x86.Build.0 = Release|x86
		{5838A951-795F-4500-869E-408FCF51DA6B}.Debug|Any CPU.ActiveCfg = Debug|x86
		{5838A951-795F-4500-869E-408FCF51DA6B}.Debug|x86.ActiveCfg = Debug|x86
		{5838A951-795F-4500-869E-408FCF51DA6B}.Debug|x86.Build.0 = Debug|x86
		{5838A951-795F-4500-869E-408FCF51DA6B}.Release|Any CPU.ActiveCfg = Release|x86
		{5838A951-795F-4500-869E-408FCF51DA6B}.Release|x86.ActiveCfg = Release|x86
		{5838A951-795F-4500-869E-408FCF51DA6B}.Release|x86.Build.0 = Release|x86
		{C0B1A6E4-5BB0-425E-B7E0-72D7E7157058}.Debug|Any CPU.ActiveCfg = Debug|x86
		{C0B1A6E4-5BB0-425E-B7E0-72D7E7157058}.Debug|x86.ActiveCfg = Debug|x86
		{C0B1A6E4-5BB0-425E-B7E0-72D7E7157058}.Debug|x86.Build.0 = Debug|x86
		{C0B1A6E4-5BB0-425E-B7E0-72D7E7157058}.Release|Any CPU.ActiveCfg = Release|x86
		{C0B1A6E4-5BB0-425E-B7E0-72D7E7157058}.Release|x86.ActiveCfg = Release|x86
		{C0B1A6E4-5BB0-425E-B7E0-72D7E7157058}.Release|x86.Build.0 = Release|x86
		{C033FA10-EDBD-42A4-B260-0E6ABF6BF26F}.Debug|Any CPU.ActiveCfg = Debug|x86
		{C033FA10-EDBD-42A4-B260-0E6ABF6BF26F}.Debug|x86.ActiveCfg = Debug|x86
		{C033FA10-EDBD-42A4-B260-0E6ABF6BF26F}.Debug|x86.Build.0 = Debug|x86
		{C033FA10-EDBD-42A4-B260-0E6ABF6BF26F}.Release|Any CPU.ActiveCfg = Release|x86
		{C033FA10-EDBD-42A4-B260-0E6ABF6BF26F}.Release|x86.ActiveCfg = Release|x86
		{C033FA10-EDBD-42A4-B260-0E6ABF6BF26F}.Release|x86.Build.0 = Release|x86
		{19A0B704-4612-47C3-A94D-FD40B5CA37BC}.Debug|Any CPU.ActiveCfg = Debug|x86
		{19A0B704-4612-47C3-A94D-FD40B5CA37BC}.Debug|x86.ActiveCfg = Debug|x86
		{19A0B704-4612-47C3-A94D-FD40B5CA37BC}.Debug|x86.Build.0 = Debug|x86
		{19A0B704-4612-47C3-A94D-FD40B5CA37BC}.Release|Any CPU.ActiveCfg = Release|x86
		{19A0B704-4612-47C3-A94D-FD40B5CA37BC}.Release|x86.ActiveCfg = Release|x86
		{19A0B704-4612-47C3-A94D-FD40B5CA37BC}.Release|x86.Build.0 = Release|x86
		{1523B862-7408-479C-8C2D-CD592C844D00}.Debug|Any CPU.ActiveCfg = Debug|x86
		{1523B862-7408-479C-8C2D-CD592C844D00}.Debug|x86.ActiveCfg = Debug|x86
		{1523B862-7408-479C-8C2D-CD592C844D00}.Debug|x86.Build.0 = Debug|x86
		{1523B862-7408-479C-8C2D-CD592C844D00}.Release|Any CPU.ActiveCfg = Release|x86
		{1523B862-7408-479C-8C2D-CD592C844D00}.Release|x86.ActiveCfg = Release|x86
		{1523B862-7408-479C-8C2D-CD592C844D00}.Release|x86.Build.0 = Release|x86
		{A8FB9E32-9CCE-4C87-80C3-134D261C63B1}.Debug|Any CPU.ActiveCfg = Debug|x86
		{A8FB9E32-9CCE-4C87-80C3-134D261C63B1}.Debug|x86.ActiveCfg = Debug|x86
		{A8FB9E32-9CCE-4C87-80C3-134D261C63B1}.Debug|x86.Build.0 = Debug|x86
		{A8FB9E32-9CCE-4C87-80C3-134D261C63B1}.Release|Any CPU.ActiveCfg = Release|x86
		{A8FB9E32-9CCE-4C87-80C3-134D261C63B1}.Release|x86.ActiveCfg = Release|x86
		{A8FB9E32-9CCE-4C87-80C3-134D261C63B1}.Release|x86.Build.0 = Release|x86
		{40E50463-3F30-465F-BBF2-36280CD35A48}.Debug|Any CPU.ActiveCfg = Debug|x86
		{40E50463-3F30-465F-BBF2-36280CD35A48}.Debug|x86.ActiveCfg = Debug|x86
		{40E50463-3F30-465F-BBF2-36280CD35A48}.Debug|x86.Build.0 = Debug|x86
		{40E50463-3F30-465F-BBF2-36280CD35A48}.Release|Any CPU.ActiveCfg = Release|x86
		{40E50463-3F30-465F-BBF2-36280CD35A48}.Release|x86.ActiveCfg = Release|x86
		{40E50463-3F30-465F-BBF2-36280CD35A48}.Release|x86.Build.0 = Release|x86
		{6C9CFA29-AA7A-4C95-B222-EB45D7802F2B}.Debug|Any CPU.ActiveCfg = Debug|x86
		{6C9CFA29-AA7A-4C95-B222-EB45D7802F2B}.Debug|x86.ActiveCfg = Debug|x86
		{6C9CFA29-AA7A-4C95-B222-EB45D7802F2B}.Debug|x86.Build.0 = Debug|x86
		{6C9CFA29-AA7A-4C95-B222-EB45D7802F2B}.Release|Any CPU.ActiveCfg = Release|x86
		{6C9CFA29-AA7A-4C95-B222-EB45D7802F2B}.Release|x86.ActiveCfg = Release|x86
		{6C9CFA29-AA7A-4C95-B222-EB45D7802F2B}.Release|x86.Build.0 = Release|x86
		{65948C41-91D8-4B36-8547-7DC5A97D3907}.Debug|Any CPU.ActiveCfg = Debug|x86
		{65948C41-91D8-4B36-8547-7DC5A97D3907}.Debug|x86.ActiveCfg = Debug|x86
		{65948C41-91D8-4B36-8547-7DC5A97D3907}.Debug|x86.Build.0 = Debug|x86
		{65948C41-91D8-4B36-8547-7DC5A97D3907}.Release|Any CPU.ActiveCfg = Release|x86
		{65948C41-91D8-4B36-8547-7DC5A97D3907}.Release|x86.ActiveCfg = Release|x86
		{65948C41-91D8-4B36-8547-7DC5A97D3907}.Release|x86.Build.0 = Release|x86
		{1255AA29-05A7-4EFA-AD97-50100AA35306}.Debug|Any CPU.ActiveCfg = Debug|x86
		{1255AA29-05A7-4EFA-AD97-50100AA35306}.Debug|x86.ActiveCfg = Debug|x86
		{1255AA29-05A7-4EFA-AD97-50100AA35306}.Debug|x86.Build.0 = Debug|x86
		{1255AA29-05A7-4EFA-AD97-50100AA35306}.Release|Any CPU.ActiveCfg = Release|x86
		{1255AA29-05A7-4EFA-AD97-50100AA35306}.Release|x86.ActiveCfg = Release|x86
		{1255AA29-05A7-4EFA-AD97-50100AA35306}.Release|x86.Build.0 = Release|x86
		{2876961A-49F5-4462-9C62-7E8E64ADA235}.Debug|Any CPU.ActiveCfg = Debug|x86
		{2876961A-49F5-4462-9C62-7E8E64ADA235}.Debug|x86.ActiveCfg = Debug|x86
		{2876961A-49F5-4462-9C62-7E8E64ADA235}.Debug|x86.Build.0 = Debug|x86
		{2876961A-49F5-4462-9C62-7E8E64ADA235}.Release|Any CPU.ActiveCfg = Release|x86
		{2876961A-49F5-4462-9C62-7E8E64ADA235}.Release|x86.ActiveCfg = Release|x86
		{2876961A-49F5-4462-9C62-7E8E64ADA235}.Release|x86.Build.0 = Release|x86
		{6D9064E0-B598-437B-9145-DFE7FC48DC5F}.Debug|Any CPU.ActiveCfg = Debug|x86
		{6D9064E0-B598-437B-9145-DFE7FC48DC5F}.Debug|x86.ActiveCfg = Debug|x86
		{6D9064E0-B598-437B-9145-DFE7FC48DC5F}.Debug|x86.Build.0 = Debug|x86
		{6D9064E0-B598-437B-9145-DFE7FC48DC5F}.Release|Any CPU.ActiveCfg = Release|x86
		{6D9064E0-B598-437B-9145-DFE7FC48DC5F}.Release|x86.ActiveCfg = Release|x86
		{6D9064E0-B598-437B-9145-DFE7FC48DC5F}.Release|x86.Build.0 = Release|x86
		{E77F7E58-9C40-476C-9DE9-3573C2BCB2D5}.Debug|Any CPU.ActiveCfg = Debug|x86
		{E77F7E58-9C40-476C-9DE9-3573C2BCB2D5}.Debug|x86.ActiveCfg = Debug|x86
		{E77F7E58-9C40-476C-9DE9-3573C2BCB2D5}.Debug|x86.Build.0 = Debug|x86
		{E77F7E58-9C40-476C-9DE9-3573C2BCB2D5}.Release|Any CPU.ActiveCfg = Release|x86
		{E77F7E58-9C40-476C-9DE9-3573C2BCB2D5}.Release|x86.ActiveCfg = Release|x86
		{E77F7E58-9C40-476C-9DE9-3573C2BCB2D5}.Release|x86.Build.0 = Release|x86
		{F77F7543-352B-4663-BCAA-F99B47C63311}.Debug|Any CPU.ActiveCfg = Debug|x86
		{F77F7543-352B-4663-BCAA-F99B47C63311}.Debug|x86.ActiveCfg = Debug|x86
		{F77F7543-352B-4663-BCAA-F99B47C63311}.Debug|x86.Build.0 = Debug|x86
		{F77F7543-352B-4663-BCAA-F99B47C63311}.Release|Any CPU.ActiveCfg = Release|x86
		{F77F7543-352B-4663-BCAA-F99B47C63311}.Release|x86.ActiveCfg = Release|x86
		{F77F7543-352B-4663-BCAA-F99B47C63311}.Release|x86.Build.0 = Release|x86
	EndGlobalSection
	GlobalSection(SolutionProperties) = preSolution
		HideSolutionNode = FALSE
	EndGlobalSection
EndGlobal
