
Microsoft Visual Studio Solution File, Format Version 11.00
# Visual Studio 2010
Project("{FAE04EC0-301F-11D3-BF4B-00C04F79EFBC}") = "01下载网页中的图片", "01下载网页中的图片\01下载网页中的图片.csproj", "{B9B5B196-EDE4-4689-851A-360AA6BDB8D7}"
EndProject
Project("{FAE04EC0-301F-11D3-BF4B-00C04F79EFBC}") = "02获得页面中所有的职位信息", "02获得页面中所有的职位信息\02获得页面中所有的职位信息.csproj", "{1DE1BB7A-D9B3-41C4-A7E9-221E4F047F61}"
EndProject
Project("{FAE04EC0-301F-11D3-BF4B-00C04F79EFBC}") = "03写入一个XML文件", "03写入一个XML文件\03写入一个XML文件.csproj", "{D7F1F8DB-AC69-40A0-B025-0FA2D5E33338}"
EndProject
Project("{FAE04EC0-301F-11D3-BF4B-00C04F79EFBC}") = "04添加带属性的XML文档", "04添加带属性的XML文档\04添加带属性的XML文档.csproj", "{E4E5833D-C9B2-4A11-84BE-8951E0AF03B3}"
EndProject
Project("{FAE04EC0-301F-11D3-BF4B-00C04F79EFBC}") = "05文档对象模型", "05文档对象模型\05文档对象模型.csproj", "{7926C176-09ED-4F20-B813-3B140EEBA75B}"
EndProject
Project("{FAE04EC0-301F-11D3-BF4B-00C04F79EFBC}") = "06对xml文档实现增删改查", "06对xml文档实现增删改查\06对xml文档实现增删改查.csproj", "{7BC6C550-81B9-40F1-A217-102F4F059D29}"
EndProject
Project("{FAE04EC0-301F-11D3-BF4B-00C04F79EFBC}") = "07大小写", "07大小写\07大小写.csproj", "{E7C715DA-3096-4F4D-BEF1-4FEBA63935EE}"
EndProject
Project("{FAE04EC0-301F-11D3-BF4B-00C04F79EFBC}") = "08判断是否登陆成功", "08判断是否登陆成功\08判断是否登陆成功.csproj", "{DCB04ACE-44B2-4FC2-B1D2-EDAF414D06B8}"
EndProject
Project("{FAE04EC0-301F-11D3-BF4B-00C04F79EFBC}") = "09使用XML实现增删改查", "09使用XML实现增删改查\09使用XML实现增删改查.csproj", "{DF5A0FE1-9825-415F-9711-F59043E8A7B9}"
EndProject
Project("{FAE04EC0-301F-11D3-BF4B-00C04F79EFBC}") = "10为什么会有委托", "10为什么会有委托\10为什么会有委托.csproj", "{C50BB1EE-65CC-46C0-B082-BA81FBFD019B}"
EndProject
Project("{FAE04EC0-301F-11D3-BF4B-00C04F79EFBC}") = "11为什么会有委托", "11为什么会有委托\11为什么会有委托.csproj", "{BC1A137A-62DB-42DA-B403-1FCA4F37E08D}"
EndProject
Global
	GlobalSection(SolutionConfigurationPlatforms) = preSolution
		Debug|x86 = Debug|x86
		Release|x86 = Release|x86
	EndGlobalSection
	GlobalSection(ProjectConfigurationPlatforms) = postSolution
		{B9B5B196-EDE4-4689-851A-360AA6BDB8D7}.Debug|x86.ActiveCfg = Debug|x86
		{B9B5B196-EDE4-4689-851A-360AA6BDB8D7}.Debug|x86.Build.0 = Debug|x86
		{B9B5B196-EDE4-4689-851A-360AA6BDB8D7}.Release|x86.ActiveCfg = Release|x86
		{B9B5B196-EDE4-4689-851A-360AA6BDB8D7}.Release|x86.Build.0 = Release|x86
		{1DE1BB7A-D9B3-41C4-A7E9-221E4F047F61}.Debug|x86.ActiveCfg = Debug|x86
		{1DE1BB7A-D9B3-41C4-A7E9-221E4F047F61}.Debug|x86.Build.0 = Debug|x86
		{1DE1BB7A-D9B3-41C4-A7E9-221E4F047F61}.Release|x86.ActiveCfg = Release|x86
		{1DE1BB7A-D9B3-41C4-A7E9-221E4F047F61}.Release|x86.Build.0 = Release|x86
		{D7F1F8DB-AC69-40A0-B025-0FA2D5E33338}.Debug|x86.ActiveCfg = Debug|x86
		{D7F1F8DB-AC69-40A0-B025-0FA2D5E33338}.Debug|x86.Build.0 = Debug|x86
		{D7F1F8DB-AC69-40A0-B025-0FA2D5E33338}.Release|x86.ActiveCfg = Release|x86
		{D7F1F8DB-AC69-40A0-B025-0FA2D5E33338}.Release|x86.Build.0 = Release|x86
		{E4E5833D-C9B2-4A11-84BE-8951E0AF03B3}.Debug|x86.ActiveCfg = Debug|x86
		{E4E5833D-C9B2-4A11-84BE-8951E0AF03B3}.Debug|x86.Build.0 = Debug|x86
		{E4E5833D-C9B2-4A11-84BE-8951E0AF03B3}.Release|x86.ActiveCfg = Release|x86
		{E4E5833D-C9B2-4A11-84BE-8951E0AF03B3}.Release|x86.Build.0 = Release|x86
		{7926C176-09ED-4F20-B813-3B140EEBA75B}.Debug|x86.ActiveCfg = Debug|x86
		{7926C176-09ED-4F20-B813-3B140EEBA75B}.Debug|x86.Build.0 = Debug|x86
		{7926C176-09ED-4F20-B813-3B140EEBA75B}.Release|x86.ActiveCfg = Release|x86
		{7926C176-09ED-4F20-B813-3B140EEBA75B}.Release|x86.Build.0 = Release|x86
		{7BC6C550-81B9-40F1-A217-102F4F059D29}.Debug|x86.ActiveCfg = Debug|x86
		{7BC6C550-81B9-40F1-A217-102F4F059D29}.Debug|x86.Build.0 = Debug|x86
		{7BC6C550-81B9-40F1-A217-102F4F059D29}.Release|x86.ActiveCfg = Release|x86
		{7BC6C550-81B9-40F1-A217-102F4F059D29}.Release|x86.Build.0 = Release|x86
		{E7C715DA-3096-4F4D-BEF1-4FEBA63935EE}.Debug|x86.ActiveCfg = Debug|x86
		{E7C715DA-3096-4F4D-BEF1-4FEBA63935EE}.Debug|x86.Build.0 = Debug|x86
		{E7C715DA-3096-4F4D-BEF1-4FEBA63935EE}.Release|x86.ActiveCfg = Release|x86
		{E7C715DA-3096-4F4D-BEF1-4FEBA63935EE}.Release|x86.Build.0 = Release|x86
		{DCB04ACE-44B2-4FC2-B1D2-EDAF414D06B8}.Debug|x86.ActiveCfg = Debug|x86
		{DCB04ACE-44B2-4FC2-B1D2-EDAF414D06B8}.Debug|x86.Build.0 = Debug|x86
		{DCB04ACE-44B2-4FC2-B1D2-EDAF414D06B8}.Release|x86.ActiveCfg = Release|x86
		{DCB04ACE-44B2-4FC2-B1D2-EDAF414D06B8}.Release|x86.Build.0 = Release|x86
		{DF5A0FE1-9825-415F-9711-F59043E8A7B9}.Debug|x86.ActiveCfg = Debug|x86
		{DF5A0FE1-9825-415F-9711-F59043E8A7B9}.Debug|x86.Build.0 = Debug|x86
		{DF5A0FE1-9825-415F-9711-F59043E8A7B9}.Release|x86.ActiveCfg = Release|x86
		{DF5A0FE1-9825-415F-9711-F59043E8A7B9}.Release|x86.Build.0 = Release|x86
		{C50BB1EE-65CC-46C0-B082-BA81FBFD019B}.Debug|x86.ActiveCfg = Debug|x86
		{C50BB1EE-65CC-46C0-B082-BA81FBFD019B}.Debug|x86.Build.0 = Debug|x86
		{C50BB1EE-65CC-46C0-B082-BA81FBFD019B}.Release|x86.ActiveCfg = Release|x86
		{C50BB1EE-65CC-46C0-B082-BA81FBFD019B}.Release|x86.Build.0 = Release|x86
		{BC1A137A-62DB-42DA-B403-1FCA4F37E08D}.Debug|x86.ActiveCfg = Debug|x86
		{BC1A137A-62DB-42DA-B403-1FCA4F37E08D}.Debug|x86.Build.0 = Debug|x86
		{BC1A137A-62DB-42DA-B403-1FCA4F37E08D}.Release|x86.ActiveCfg = Release|x86
		{BC1A137A-62DB-42DA-B403-1FCA4F37E08D}.Release|x86.Build.0 = Release|x86
	EndGlobalSection
	GlobalSection(SolutionProperties) = preSolution
		HideSolutionNode = FALSE
	EndGlobalSection
EndGlobal
